
Microsoft Visual Studio Solution File, Format Version 12.00
# Visual Studio 15
VisualStudioVersion = 15.0.28010.2003
MinimumVisualStudioVersion = 10.0.40219.1
Project("{FAE04EC0-301F-11D3-BF4B-00C04F79EFBC}") = "Variabler", "Variabler\Variabler.csproj", "{079F8C7E-4579-4C64-906E-9C97AAB171A5}"
EndProject
Project("{FAE04EC0-301F-11D3-BF4B-00C04F79EFBC}") = "VariablerOpg1", "VariablerOpg1\VariablerOpg1.csproj", "{B3AF99A8-F6C2-4A74-986C-D2F10C0A4AE4}"
EndProject
Project("{FAE04EC0-301F-11D3-BF4B-00C04F79EFBC}") = "VariablerOpg2", "VariablerOpg2\VariablerOpg2.csproj", "{B86CA367-AE56-41E2-B89E-8860D26223F7}"
EndProject
Project("{FAE04EC0-301F-11D3-BF4B-00C04F79EFBC}") = "VariablerOpg3", "VariablerOpg3\VariablerOpg3.csproj", "{B8B0A09B-4AE1-46C0-8965-52B647A9C3CA}"
EndProject
Project("{FAE04EC0-301F-11D3-BF4B-00C04F79EFBC}") = "FlowOpg1", "FlowOpg1\FlowOpg1.csproj", "{566B19BF-D13E-414A-A534-F02B0FD1C474}"
EndProject
Global
	GlobalSection(SolutionConfigurationPlatforms) = preSolution
		Debug|Any CPU = Debug|Any CPU
		Release|Any CPU = Release|Any CPU
	EndGlobalSection
	GlobalSection(ProjectConfigurationPlatforms) = postSolution
		{079F8C7E-4579-4C64-906E-9C97AAB171A5}.Debug|Any CPU.ActiveCfg = Debug|Any CPU
		{079F8C7E-4579-4C64-906E-9C97AAB171A5}.Debug|Any CPU.Build.0 = Debug|Any CPU
		{079F8C7E-4579-4C64-906E-9C97AAB171A5}.Release|Any CPU.ActiveCfg = Release|Any CPU
		{079F8C7E-4579-4C64-906E-9C97AAB171A5}.Release|Any CPU.Build.0 = Release|Any CPU
		{B3AF99A8-F6C2-4A74-986C-D2F10C0A4AE4}.Debug|Any CPU.ActiveCfg = Debug|Any CPU
		{B3AF99A8-F6C2-4A74-986C-D2F10C0A4AE4}.Debug|Any CPU.Build.0 = Debug|Any CPU
		{B3AF99A8-F6C2-4A74-986C-D2F10C0A4AE4}.Release|Any CPU.ActiveCfg = Release|Any CPU
		{B3AF99A8-F6C2-4A74-986C-D2F10C0A4AE4}.Release|Any CPU.Build.0 = Release|Any CPU
		{B86CA367-AE56-41E2-B89E-8860D26223F7}.Debug|Any CPU.ActiveCfg = Debug|Any CPU
		{B86CA367-AE56-41E2-B89E-8860D26223F7}.Debug|Any CPU.Build.0 = Debug|Any CPU
		{B86CA367-AE56-41E2-B89E-8860D26223F7}.Release|Any CPU.ActiveCfg = Release|Any CPU
		{B86CA367-AE56-41E2-B89E-8860D26223F7}.Release|Any CPU.Build.0 = Release|Any CPU
		{B8B0A09B-4AE1-46C0-8965-52B647A9C3CA}.Debug|Any CPU.ActiveCfg = Debug|Any CPU
		{B8B0A09B-4AE1-46C0-8965-52B647A9C3CA}.Debug|Any CPU.Build.0 = Debug|Any CPU
		{B8B0A09B-4AE1-46C0-8965-52B647A9C3CA}.Release|Any CPU.ActiveCfg = Release|Any CPU
		{B8B0A09B-4AE1-46C0-8965-52B647A9C3CA}.Release|Any CPU.Build.0 = Release|Any CPU
		{566B19BF-D13E-414A-A534-F02B0FD1C474}.Debug|Any CPU.ActiveCfg = Debug|Any CPU
		{566B19BF-D13E-414A-A534-F02B0FD1C474}.Debug|Any CPU.Build.0 = Debug|Any CPU
		{566B19BF-D13E-414A-A534-F02B0FD1C474}.Release|Any CPU.ActiveCfg = Release|Any CPU
		{566B19BF-D13E-414A-A534-F02B0FD1C474}.Release|Any CPU.Build.0 = Release|Any CPU
	EndGlobalSection
	GlobalSection(SolutionProperties) = preSolution
		HideSolutionNode = FALSE
	EndGlobalSection
	GlobalSection(ExtensibilityGlobals) = postSolution
		SolutionGuid = {2B77AF66-21AE-4C6A-808E-A1A0B0AA182B}
	EndGlobalSection
EndGlobal
