
Microsoft Visual Studio Solution File, Format Version 12.00
# Visual Studio 15
VisualStudioVersion = 15.0.28010.2003
MinimumVisualStudioVersion = 10.0.40219.1
Project("{FAE04EC0-301F-11D3-BF4B-00C04F79EFBC}") = "Variabler", "Variabler\Variabler.csproj", "{079F8C7E-4579-4C64-906E-9C97AAB171A5}"
EndProject
Project("{FAE04EC0-301F-11D3-BF4B-00C04F79EFBC}") = "VariablerOpg1", "VariablerOpg1\VariablerOpg1.csproj", "{B3AF99A8-F6C2-4A74-986C-D2F10C0A4AE4}"
EndProject
Project("{FAE04EC0-301F-11D3-BF4B-00C04F79EFBC}") = "VariablerOpg2", "VariablerOpg2\VariablerOpg2.csproj", "{B86CA367-AE56-41E2-B89E-8860D26223F7}"
EndProject
Project("{FAE04EC0-301F-11D3-BF4B-00C04F79EFBC}") = "VariablerOpg3", "VariablerOpg3\VariablerOpg3.csproj", "{B8B0A09B-4AE1-46C0-8965-52B647A9C3CA}"
EndProject
Project("{FAE04EC0-301F-11D3-BF4B-00C04F79EFBC}") = "FlowOpg1", "FlowOpg1\FlowOpg1.csproj", "{566B19BF-D13E-414A-A534-F02B0FD1C474}"
EndProject
Project("{FAE04EC0-301F-11D3-BF4B-00C04F79EFBC}") = "VariablerOpg4", "VariablerOpg4\VariablerOpg4.csproj", "{3466E83E-892C-4BC4-847C-C9E9DB72A4A8}"
EndProject
Project("{FAE04EC0-301F-11D3-BF4B-00C04F79EFBC}") = "MetoderOpg1", "MetoderOpg1\MetoderOpg1.csproj", "{590BF7F9-2B1C-4377-936C-C987CFB15FEB}"
EndProject
Project("{FAE04EC0-301F-11D3-BF4B-00C04F79EFBC}") = "MetoderOpg2", "MetoderOpg2\MetoderOpg2.csproj", "{6741C49A-1AC9-45CF-B725-D64217070085}"
EndProject
Project("{FAE04EC0-301F-11D3-BF4B-00C04F79EFBC}") = "MetoderOpg3", "MetoderOpg3\MetoderOpg3.csproj", "{EC89164F-2786-4B95-B1BF-142C56058886}"
EndProject
Project("{FAE04EC0-301F-11D3-BF4B-00C04F79EFBC}") = "FejlOpg1", "FejlOpg1\FejlOpg1.csproj", "{D6DF6B2C-52E0-463B-AE13-25D59B7B35F1}"
EndProject
Project("{FAE04EC0-301F-11D3-BF4B-00C04F79EFBC}") = "LogDemo", "LogDemo\LogDemo.csproj", "{60B3B161-79A3-441C-8D53-41ACBB0003EE}"
EndProject
Project("{FAE04EC0-301F-11D3-BF4B-00C04F79EFBC}") = "Klasser(SimpelKlasse)", "Klasser(SimpelKlasse)\Klasser(SimpelKlasse).csproj", "{19A08596-BE6F-4E8D-BD7B-C96032356219}"
EndProject
Project("{FAE04EC0-301F-11D3-BF4B-00C04F79EFBC}") = "Klasser(Terning)", "Klasser(Terning)\Klasser(Terning).csproj", "{4280AE35-3FE5-4D5B-93DE-D0C9A583213A}"
EndProject
Project("{FAE04EC0-301F-11D3-BF4B-00C04F79EFBC}") = "Klasser.Statisk", "Klasser.Statisk\Klasser.Statisk.csproj", "{B57FAB33-9049-46EE-AEFC-B41FAE8EAC54}"
EndProject
Project("{FAE04EC0-301F-11D3-BF4B-00C04F79EFBC}") = "Egenskaber.SimpelEgenskab", "Egenskaber.SimpelEgenskab\Egenskaber.SimpelEgenskab.csproj", "{8EFF346F-0CE4-4D4E-A2DD-56904194EAEE}"
EndProject
Project("{FAE04EC0-301F-11D3-BF4B-00C04F79EFBC}") = "Egenskaber.AutomatiskEgenskab", "Egenskaber.AutomatiskEgenskab\Egenskaber.AutomatiskEgenskab.csproj", "{A3FF6A1F-DD72-40B6-B907-FECDFD7BA607}"
EndProject
Global
	GlobalSection(SolutionConfigurationPlatforms) = preSolution
		Debug|Any CPU = Debug|Any CPU
		Release|Any CPU = Release|Any CPU
	EndGlobalSection
	GlobalSection(ProjectConfigurationPlatforms) = postSolution
		{079F8C7E-4579-4C64-906E-9C97AAB171A5}.Debug|Any CPU.ActiveCfg = Debug|Any CPU
		{079F8C7E-4579-4C64-906E-9C97AAB171A5}.Debug|Any CPU.Build.0 = Debug|Any CPU
		{079F8C7E-4579-4C64-906E-9C97AAB171A5}.Release|Any CPU.ActiveCfg = Release|Any CPU
		{079F8C7E-4579-4C64-906E-9C97AAB171A5}.Release|Any CPU.Build.0 = Release|Any CPU
		{B3AF99A8-F6C2-4A74-986C-D2F10C0A4AE4}.Debug|Any CPU.ActiveCfg = Debug|Any CPU
		{B3AF99A8-F6C2-4A74-986C-D2F10C0A4AE4}.Debug|Any CPU.Build.0 = Debug|Any CPU
		{B3AF99A8-F6C2-4A74-986C-D2F10C0A4AE4}.Release|Any CPU.ActiveCfg = Release|Any CPU
		{B3AF99A8-F6C2-4A74-986C-D2F10C0A4AE4}.Release|Any CPU.Build.0 = Release|Any CPU
		{B86CA367-AE56-41E2-B89E-8860D26223F7}.Debug|Any CPU.ActiveCfg = Debug|Any CPU
		{B86CA367-AE56-41E2-B89E-8860D26223F7}.Debug|Any CPU.Build.0 = Debug|Any CPU
		{B86CA367-AE56-41E2-B89E-8860D26223F7}.Release|Any CPU.ActiveCfg = Release|Any CPU
		{B86CA367-AE56-41E2-B89E-8860D26223F7}.Release|Any CPU.Build.0 = Release|Any CPU
		{B8B0A09B-4AE1-46C0-8965-52B647A9C3CA}.Debug|Any CPU.ActiveCfg = Debug|Any CPU
		{B8B0A09B-4AE1-46C0-8965-52B647A9C3CA}.Debug|Any CPU.Build.0 = Debug|Any CPU
		{B8B0A09B-4AE1-46C0-8965-52B647A9C3CA}.Release|Any CPU.ActiveCfg = Release|Any CPU
		{B8B0A09B-4AE1-46C0-8965-52B647A9C3CA}.Release|Any CPU.Build.0 = Release|Any CPU
		{566B19BF-D13E-414A-A534-F02B0FD1C474}.Debug|Any CPU.ActiveCfg = Debug|Any CPU
		{566B19BF-D13E-414A-A534-F02B0FD1C474}.Debug|Any CPU.Build.0 = Debug|Any CPU
		{566B19BF-D13E-414A-A534-F02B0FD1C474}.Release|Any CPU.ActiveCfg = Release|Any CPU
		{566B19BF-D13E-414A-A534-F02B0FD1C474}.Release|Any CPU.Build.0 = Release|Any CPU
		{3466E83E-892C-4BC4-847C-C9E9DB72A4A8}.Debug|Any CPU.ActiveCfg = Debug|Any CPU
		{3466E83E-892C-4BC4-847C-C9E9DB72A4A8}.Debug|Any CPU.Build.0 = Debug|Any CPU
		{3466E83E-892C-4BC4-847C-C9E9DB72A4A8}.Release|Any CPU.ActiveCfg = Release|Any CPU
		{3466E83E-892C-4BC4-847C-C9E9DB72A4A8}.Release|Any CPU.Build.0 = Release|Any CPU
		{590BF7F9-2B1C-4377-936C-C987CFB15FEB}.Debug|Any CPU.ActiveCfg = Debug|Any CPU
		{590BF7F9-2B1C-4377-936C-C987CFB15FEB}.Debug|Any CPU.Build.0 = Debug|Any CPU
		{590BF7F9-2B1C-4377-936C-C987CFB15FEB}.Release|Any CPU.ActiveCfg = Release|Any CPU
		{590BF7F9-2B1C-4377-936C-C987CFB15FEB}.Release|Any CPU.Build.0 = Release|Any CPU
		{6741C49A-1AC9-45CF-B725-D64217070085}.Debug|Any CPU.ActiveCfg = Debug|Any CPU
		{6741C49A-1AC9-45CF-B725-D64217070085}.Debug|Any CPU.Build.0 = Debug|Any CPU
		{6741C49A-1AC9-45CF-B725-D64217070085}.Release|Any CPU.ActiveCfg = Release|Any CPU
		{6741C49A-1AC9-45CF-B725-D64217070085}.Release|Any CPU.Build.0 = Release|Any CPU
		{EC89164F-2786-4B95-B1BF-142C56058886}.Debug|Any CPU.ActiveCfg = Debug|Any CPU
		{EC89164F-2786-4B95-B1BF-142C56058886}.Debug|Any CPU.Build.0 = Debug|Any CPU
		{EC89164F-2786-4B95-B1BF-142C56058886}.Release|Any CPU.ActiveCfg = Release|Any CPU
		{EC89164F-2786-4B95-B1BF-142C56058886}.Release|Any CPU.Build.0 = Release|Any CPU
		{D6DF6B2C-52E0-463B-AE13-25D59B7B35F1}.Debug|Any CPU.ActiveCfg = Debug|Any CPU
		{D6DF6B2C-52E0-463B-AE13-25D59B7B35F1}.Debug|Any CPU.Build.0 = Debug|Any CPU
		{D6DF6B2C-52E0-463B-AE13-25D59B7B35F1}.Release|Any CPU.ActiveCfg = Release|Any CPU
		{D6DF6B2C-52E0-463B-AE13-25D59B7B35F1}.Release|Any CPU.Build.0 = Release|Any CPU
		{60B3B161-79A3-441C-8D53-41ACBB0003EE}.Debug|Any CPU.ActiveCfg = Debug|Any CPU
		{60B3B161-79A3-441C-8D53-41ACBB0003EE}.Debug|Any CPU.Build.0 = Debug|Any CPU
		{60B3B161-79A3-441C-8D53-41ACBB0003EE}.Release|Any CPU.ActiveCfg = Release|Any CPU
		{60B3B161-79A3-441C-8D53-41ACBB0003EE}.Release|Any CPU.Build.0 = Release|Any CPU
		{19A08596-BE6F-4E8D-BD7B-C96032356219}.Debug|Any CPU.ActiveCfg = Debug|Any CPU
		{19A08596-BE6F-4E8D-BD7B-C96032356219}.Debug|Any CPU.Build.0 = Debug|Any CPU
		{19A08596-BE6F-4E8D-BD7B-C96032356219}.Release|Any CPU.ActiveCfg = Release|Any CPU
		{19A08596-BE6F-4E8D-BD7B-C96032356219}.Release|Any CPU.Build.0 = Release|Any CPU
		{4280AE35-3FE5-4D5B-93DE-D0C9A583213A}.Debug|Any CPU.ActiveCfg = Debug|Any CPU
		{4280AE35-3FE5-4D5B-93DE-D0C9A583213A}.Debug|Any CPU.Build.0 = Debug|Any CPU
		{4280AE35-3FE5-4D5B-93DE-D0C9A583213A}.Release|Any CPU.ActiveCfg = Release|Any CPU
		{4280AE35-3FE5-4D5B-93DE-D0C9A583213A}.Release|Any CPU.Build.0 = Release|Any CPU
		{B57FAB33-9049-46EE-AEFC-B41FAE8EAC54}.Debug|Any CPU.ActiveCfg = Debug|Any CPU
		{B57FAB33-9049-46EE-AEFC-B41FAE8EAC54}.Debug|Any CPU.Build.0 = Debug|Any CPU
		{B57FAB33-9049-46EE-AEFC-B41FAE8EAC54}.Release|Any CPU.ActiveCfg = Release|Any CPU
		{B57FAB33-9049-46EE-AEFC-B41FAE8EAC54}.Release|Any CPU.Build.0 = Release|Any CPU
		{8EFF346F-0CE4-4D4E-A2DD-56904194EAEE}.Debug|Any CPU.ActiveCfg = Debug|Any CPU
		{8EFF346F-0CE4-4D4E-A2DD-56904194EAEE}.Debug|Any CPU.Build.0 = Debug|Any CPU
		{8EFF346F-0CE4-4D4E-A2DD-56904194EAEE}.Release|Any CPU.ActiveCfg = Release|Any CPU
		{8EFF346F-0CE4-4D4E-A2DD-56904194EAEE}.Release|Any CPU.Build.0 = Release|Any CPU
		{A3FF6A1F-DD72-40B6-B907-FECDFD7BA607}.Debug|Any CPU.ActiveCfg = Debug|Any CPU
		{A3FF6A1F-DD72-40B6-B907-FECDFD7BA607}.Debug|Any CPU.Build.0 = Debug|Any CPU
		{A3FF6A1F-DD72-40B6-B907-FECDFD7BA607}.Release|Any CPU.ActiveCfg = Release|Any CPU
		{A3FF6A1F-DD72-40B6-B907-FECDFD7BA607}.Release|Any CPU.Build.0 = Release|Any CPU
	EndGlobalSection
	GlobalSection(SolutionProperties) = preSolution
		HideSolutionNode = FALSE
	EndGlobalSection
	GlobalSection(ExtensibilityGlobals) = postSolution
		SolutionGuid = {2B77AF66-21AE-4C6A-808E-A1A0B0AA182B}
	EndGlobalSection
EndGlobal
